
Microsoft Visual Studio Solution File, Format Version 12.00
# Visual Studio 15
Project("{FAE04EC0-301F-11D3-BF4B-00C04F79EFBC}") = "Assembly-CSharp", "Assembly-CSharp.csproj", "{AEA0F85F-3F28-8EA5-0155-184BB7BDCB9F}"
EndProject
Project("{FAE04EC0-301F-11D3-BF4B-00C04F79EFBC}") = "Assembly-CSharp-Editor", "Assembly-CSharp-Editor.csproj", "{C86A5394-6662-4F25-B24F-E73B3CC87098}"
EndProject
Global
	GlobalSection(SolutionConfigurationPlatforms) = preSolution
		Debug|Any CPU = Debug|Any CPU
		Release|Any CPU = Release|Any CPU
	EndGlobalSection
	GlobalSection(ProjectConfigurationPlatforms) = postSolution
		{AEA0F85F-3F28-8EA5-0155-184BB7BDCB9F}.Debug|Any CPU.ActiveCfg = Debug|Any CPU
		{AEA0F85F-3F28-8EA5-0155-184BB7BDCB9F}.Debug|Any CPU.Build.0 = Debug|Any CPU
		{AEA0F85F-3F28-8EA5-0155-184BB7BDCB9F}.Release|Any CPU.ActiveCfg = Release|Any CPU
		{AEA0F85F-3F28-8EA5-0155-184BB7BDCB9F}.Release|Any CPU.Build.0 = Release|Any CPU
		{C86A5394-6662-4F25-B24F-E73B3CC87098}.Debug|Any CPU.ActiveCfg = Debug|Any CPU
		{C86A5394-6662-4F25-B24F-E73B3CC87098}.Debug|Any CPU.Build.0 = Debug|Any CPU
		{C86A5394-6662-4F25-B24F-E73B3CC87098}.Release|Any CPU.ActiveCfg = Release|Any CPU
		{C86A5394-6662-4F25-B24F-E73B3CC87098}.Release|Any CPU.Build.0 = Release|Any CPU
	EndGlobalSection
	GlobalSection(SolutionProperties) = preSolution
		HideSolutionNode = FALSE
	EndGlobalSection
EndGlobal
